# THIS IS AN AUTOGENERATED FILE. DO NOT EDIT THIS FILE DIRECTLY.
# yarn lockfile v1


uikit@^3.5.7:
  version "3.5.7"
  resolved "https://registry.yarnpkg.com/uikit/-/uikit-3.5.7.tgz#2376be4272d086eb52be62cc679e55f266a693f2"
  integrity sha512-X9im58e6c7IsQopy80TXizv3LXeBaUKTa5fseE/F8UV0jryPnU7JYBl2/1QGrX5IN9hbOb6UJB4o2wdElGJoxg==
